
Microsoft Visual Studio Solution File, Format Version 12.00
# Visual Studio 15
VisualStudioVersion = 15.0.28010.2048
MinimumVisualStudioVersion = 10.0.40219.1
Project("{2150E333-8FDC-42A3-9474-1A3956D46DE8}") = "src", "src", "{9D00429D-A02A-49AD-B677-3A499DB6167C}"
EndProject
Project("{2150E333-8FDC-42A3-9474-1A3956D46DE8}") = "tests", "tests", "{7FEC110B-BA9F-4513-8DF6-81E4C60F19B6}"
EndProject
Project("{FAE04EC0-301F-11D3-BF4B-00C04F79EFBC}") = "BlogApp.Web", "src\BlogApp.Web\BlogApp.Web.csproj", "{F40B20DD-4BF0-41F4-82B6-8ABD67E7312B}"
EndProject
Project("{FAE04EC0-301F-11D3-BF4B-00C04F79EFBC}") = "BlogApp.API", "src\BlogApp.API\BlogApp.API.csproj", "{8522B865-826B-49CF-926D-6F8020F76477}"
EndProject
Project("{2150E333-8FDC-42A3-9474-1A3956D46DE8}") = "shared", "shared", "{05DA8116-30DD-4096-A68C-C983A4D6AAF5}"
EndProject
Project("{FAE04EC0-301F-11D3-BF4B-00C04F79EFBC}") = "BlogApp.Contract", "src\shared\BlogApp.Contract\BlogApp.Contract.csproj", "{10FB89A5-F1AD-459C-AD80-DF4E3F156C7C}"
EndProject
Project("{FAE04EC0-301F-11D3-BF4B-00C04F79EFBC}") = "BlogApp.API.Tests", "tests\BlogApp.API.Tests\BlogApp.API.Tests.csproj", "{858C4D4C-68CE-4472-9D5B-EF7B1F5822A5}"
EndProject
Project("{FAE04EC0-301F-11D3-BF4B-00C04F79EFBC}") = "BlogApp.Web.Tests", "tests\BlogApp.Web.Tests\BlogApp.Web.Tests.csproj", "{E7F7CD3A-332B-4F09-B551-701304C1BFA0}"
EndProject
Global
	GlobalSection(SolutionConfigurationPlatforms) = preSolution
		Debug|Any CPU = Debug|Any CPU
		Release|Any CPU = Release|Any CPU
	EndGlobalSection
	GlobalSection(ProjectConfigurationPlatforms) = postSolution
		{F40B20DD-4BF0-41F4-82B6-8ABD67E7312B}.Debug|Any CPU.ActiveCfg = Debug|Any CPU
		{F40B20DD-4BF0-41F4-82B6-8ABD67E7312B}.Debug|Any CPU.Build.0 = Debug|Any CPU
		{F40B20DD-4BF0-41F4-82B6-8ABD67E7312B}.Release|Any CPU.ActiveCfg = Release|Any CPU
		{F40B20DD-4BF0-41F4-82B6-8ABD67E7312B}.Release|Any CPU.Build.0 = Release|Any CPU
		{8522B865-826B-49CF-926D-6F8020F76477}.Debug|Any CPU.ActiveCfg = Debug|Any CPU
		{8522B865-826B-49CF-926D-6F8020F76477}.Debug|Any CPU.Build.0 = Debug|Any CPU
		{8522B865-826B-49CF-926D-6F8020F76477}.Release|Any CPU.ActiveCfg = Release|Any CPU
		{8522B865-826B-49CF-926D-6F8020F76477}.Release|Any CPU.Build.0 = Release|Any CPU
		{10FB89A5-F1AD-459C-AD80-DF4E3F156C7C}.Debug|Any CPU.ActiveCfg = Debug|Any CPU
		{10FB89A5-F1AD-459C-AD80-DF4E3F156C7C}.Debug|Any CPU.Build.0 = Debug|Any CPU
		{10FB89A5-F1AD-459C-AD80-DF4E3F156C7C}.Release|Any CPU.ActiveCfg = Release|Any CPU
		{10FB89A5-F1AD-459C-AD80-DF4E3F156C7C}.Release|Any CPU.Build.0 = Release|Any CPU
		{858C4D4C-68CE-4472-9D5B-EF7B1F5822A5}.Debug|Any CPU.ActiveCfg = Debug|Any CPU
		{858C4D4C-68CE-4472-9D5B-EF7B1F5822A5}.Debug|Any CPU.Build.0 = Debug|Any CPU
		{858C4D4C-68CE-4472-9D5B-EF7B1F5822A5}.Release|Any CPU.ActiveCfg = Release|Any CPU
		{858C4D4C-68CE-4472-9D5B-EF7B1F5822A5}.Release|Any CPU.Build.0 = Release|Any CPU
		{E7F7CD3A-332B-4F09-B551-701304C1BFA0}.Debug|Any CPU.ActiveCfg = Debug|Any CPU
		{E7F7CD3A-332B-4F09-B551-701304C1BFA0}.Debug|Any CPU.Build.0 = Debug|Any CPU
		{E7F7CD3A-332B-4F09-B551-701304C1BFA0}.Release|Any CPU.ActiveCfg = Release|Any CPU
		{E7F7CD3A-332B-4F09-B551-701304C1BFA0}.Release|Any CPU.Build.0 = Release|Any CPU
	EndGlobalSection
	GlobalSection(SolutionProperties) = preSolution
		HideSolutionNode = FALSE
	EndGlobalSection
	GlobalSection(NestedProjects) = preSolution
		{F40B20DD-4BF0-41F4-82B6-8ABD67E7312B} = {9D00429D-A02A-49AD-B677-3A499DB6167C}
		{8522B865-826B-49CF-926D-6F8020F76477} = {9D00429D-A02A-49AD-B677-3A499DB6167C}
		{05DA8116-30DD-4096-A68C-C983A4D6AAF5} = {9D00429D-A02A-49AD-B677-3A499DB6167C}
		{10FB89A5-F1AD-459C-AD80-DF4E3F156C7C} = {05DA8116-30DD-4096-A68C-C983A4D6AAF5}
		{858C4D4C-68CE-4472-9D5B-EF7B1F5822A5} = {7FEC110B-BA9F-4513-8DF6-81E4C60F19B6}
		{E7F7CD3A-332B-4F09-B551-701304C1BFA0} = {7FEC110B-BA9F-4513-8DF6-81E4C60F19B6}
	EndGlobalSection
	GlobalSection(ExtensibilityGlobals) = postSolution
		SolutionGuid = {A55C899B-CDFE-47C4-9CE4-E59A06EAB93F}
	EndGlobalSection
EndGlobal
